
Microsoft Visual Studio Solution File, Format Version 10.00
# Visual Studio 2008
Project("{FAE04EC0-301F-11D3-BF4B-00C04F79EFBC}") = "SLMaps", "src\SLMaps\SLMaps.csproj", "{5F731459-A310-4239-8698-FA49D3A41FFB}"
EndProject
Project("{FAE04EC0-301F-11D3-BF4B-00C04F79EFBC}") = "SLMaps.Web", "src\SLMaps.Web\SLMaps.Web.csproj", "{2FD5DCA1-1CFE-4E21-B584-6067F0E3F7EA}"
EndProject
Project("{FAE04EC0-301F-11D3-BF4B-00C04F79EFBC}") = "Vishcious.ArcGIS.SLContrib", "src\Vishcious.ArcGIS.SLContrib\Vishcious.ArcGIS.SLContrib.csproj", "{D2C4E3AC-4F45-42B7-96BE-EEA8912F55F5}"
EndProject
Global
	GlobalSection(SolutionConfigurationPlatforms) = preSolution
		Debug|Any CPU = Debug|Any CPU
		Release|Any CPU = Release|Any CPU
	EndGlobalSection
	GlobalSection(ProjectConfigurationPlatforms) = postSolution
		{5F731459-A310-4239-8698-FA49D3A41FFB}.Debug|Any CPU.ActiveCfg = Debug|Any CPU
		{5F731459-A310-4239-8698-FA49D3A41FFB}.Debug|Any CPU.Build.0 = Debug|Any CPU
		{5F731459-A310-4239-8698-FA49D3A41FFB}.Release|Any CPU.ActiveCfg = Release|Any CPU
		{5F731459-A310-4239-8698-FA49D3A41FFB}.Release|Any CPU.Build.0 = Release|Any CPU
		{2FD5DCA1-1CFE-4E21-B584-6067F0E3F7EA}.Debug|Any CPU.ActiveCfg = Debug|Any CPU
		{2FD5DCA1-1CFE-4E21-B584-6067F0E3F7EA}.Debug|Any CPU.Build.0 = Debug|Any CPU
		{2FD5DCA1-1CFE-4E21-B584-6067F0E3F7EA}.Release|Any CPU.ActiveCfg = Release|Any CPU
		{2FD5DCA1-1CFE-4E21-B584-6067F0E3F7EA}.Release|Any CPU.Build.0 = Release|Any CPU
		{D2C4E3AC-4F45-42B7-96BE-EEA8912F55F5}.Debug|Any CPU.ActiveCfg = Debug|Any CPU
		{D2C4E3AC-4F45-42B7-96BE-EEA8912F55F5}.Debug|Any CPU.Build.0 = Debug|Any CPU
		{D2C4E3AC-4F45-42B7-96BE-EEA8912F55F5}.Release|Any CPU.ActiveCfg = Release|Any CPU
		{D2C4E3AC-4F45-42B7-96BE-EEA8912F55F5}.Release|Any CPU.Build.0 = Release|Any CPU
	EndGlobalSection
	GlobalSection(SolutionProperties) = preSolution
		HideSolutionNode = FALSE
	EndGlobalSection
EndGlobal
