
Microsoft Visual Studio Solution File, Format Version 11.00
# Visual Studio 2010
Project("{FAE04EC0-301F-11D3-BF4B-00C04F79EFBC}") = "GeoCache.Common", "GeoCache.Common\GeoCache.Common.csproj", "{C1F7D431-C53C-433C-9B07-B69C4064B0A7}"
EndProject
Project("{FAE04EC0-301F-11D3-BF4B-00C04F79EFBC}") = "GeoCache.Contracts", "GeoCache.Contracts\GeoCache.Contracts.csproj", "{E9ED8001-11B2-4661-9F1C-C97A47FF79A2}"
EndProject
Project("{FAE04EC0-301F-11D3-BF4B-00C04F79EFBC}") = "GeoCache.Cache", "GeoCache.Cache\GeoCache.Cache.csproj", "{606BA2A8-A7F9-4B17-82C0-3583FAE9107B}"
EndProject
Project("{2150E333-8FDC-42A3-9474-1A3956D46DE8}") = "Tests", "Tests", "{2391D141-07D7-4FD1-9CE0-3075B1AEFDE8}"
EndProject
Project("{FAE04EC0-301F-11D3-BF4B-00C04F79EFBC}") = "GeoCache.Common.Test", "Tests\GeoCache.Common.Test\GeoCache.Common.Test.csproj", "{E5309C8C-9319-4F39-9AED-15398A76AB3F}"
EndProject
Project("{FAE04EC0-301F-11D3-BF4B-00C04F79EFBC}") = "GeoCache.Cache.Test", "Tests\GeoCache.Cache.Test\GeoCache.Cache.Test.csproj", "{5A208ECF-04DC-4EF8-BA29-9E5770C31196}"
EndProject
Project("{2150E333-8FDC-42A3-9474-1A3956D46DE8}") = "Solution Items", "Solution Items", "{9CB519C5-B005-4CB2-82E3-D79A6F6B7F04}"
	ProjectSection(SolutionItems) = preProject
		GeoCache.vsmdi = GeoCache.vsmdi
		Local.testsettings = Local.testsettings
		TraceAndTestImpact.testsettings = TraceAndTestImpact.testsettings
	EndProjectSection
EndProject
Global
	GlobalSection(TestCaseManagementSettings) = postSolution
		CategoryFile = GeoCache.vsmdi
	EndGlobalSection
	GlobalSection(SolutionConfigurationPlatforms) = preSolution
		Debug|Any CPU = Debug|Any CPU
		Release|Any CPU = Release|Any CPU
	EndGlobalSection
	GlobalSection(ProjectConfigurationPlatforms) = postSolution
		{C1F7D431-C53C-433C-9B07-B69C4064B0A7}.Debug|Any CPU.ActiveCfg = Debug|Any CPU
		{C1F7D431-C53C-433C-9B07-B69C4064B0A7}.Debug|Any CPU.Build.0 = Debug|Any CPU
		{C1F7D431-C53C-433C-9B07-B69C4064B0A7}.Release|Any CPU.ActiveCfg = Release|Any CPU
		{C1F7D431-C53C-433C-9B07-B69C4064B0A7}.Release|Any CPU.Build.0 = Release|Any CPU
		{E9ED8001-11B2-4661-9F1C-C97A47FF79A2}.Debug|Any CPU.ActiveCfg = Debug|Any CPU
		{E9ED8001-11B2-4661-9F1C-C97A47FF79A2}.Debug|Any CPU.Build.0 = Debug|Any CPU
		{E9ED8001-11B2-4661-9F1C-C97A47FF79A2}.Release|Any CPU.ActiveCfg = Release|Any CPU
		{E9ED8001-11B2-4661-9F1C-C97A47FF79A2}.Release|Any CPU.Build.0 = Release|Any CPU
		{606BA2A8-A7F9-4B17-82C0-3583FAE9107B}.Debug|Any CPU.ActiveCfg = Debug|Any CPU
		{606BA2A8-A7F9-4B17-82C0-3583FAE9107B}.Debug|Any CPU.Build.0 = Debug|Any CPU
		{606BA2A8-A7F9-4B17-82C0-3583FAE9107B}.Release|Any CPU.ActiveCfg = Release|Any CPU
		{606BA2A8-A7F9-4B17-82C0-3583FAE9107B}.Release|Any CPU.Build.0 = Release|Any CPU
		{E5309C8C-9319-4F39-9AED-15398A76AB3F}.Debug|Any CPU.ActiveCfg = Debug|Any CPU
		{E5309C8C-9319-4F39-9AED-15398A76AB3F}.Debug|Any CPU.Build.0 = Debug|Any CPU
		{E5309C8C-9319-4F39-9AED-15398A76AB3F}.Release|Any CPU.ActiveCfg = Release|Any CPU
		{E5309C8C-9319-4F39-9AED-15398A76AB3F}.Release|Any CPU.Build.0 = Release|Any CPU
		{5A208ECF-04DC-4EF8-BA29-9E5770C31196}.Debug|Any CPU.ActiveCfg = Debug|Any CPU
		{5A208ECF-04DC-4EF8-BA29-9E5770C31196}.Debug|Any CPU.Build.0 = Debug|Any CPU
		{5A208ECF-04DC-4EF8-BA29-9E5770C31196}.Release|Any CPU.ActiveCfg = Release|Any CPU
		{5A208ECF-04DC-4EF8-BA29-9E5770C31196}.Release|Any CPU.Build.0 = Release|Any CPU
	EndGlobalSection
	GlobalSection(SolutionProperties) = preSolution
		HideSolutionNode = FALSE
	EndGlobalSection
	GlobalSection(NestedProjects) = preSolution
		{E5309C8C-9319-4F39-9AED-15398A76AB3F} = {2391D141-07D7-4FD1-9CE0-3075B1AEFDE8}
		{5A208ECF-04DC-4EF8-BA29-9E5770C31196} = {2391D141-07D7-4FD1-9CE0-3075B1AEFDE8}
		{9CB519C5-B005-4CB2-82E3-D79A6F6B7F04} = {2391D141-07D7-4FD1-9CE0-3075B1AEFDE8}
	EndGlobalSection
EndGlobal
